
Microsoft Visual Studio Solution File, Format Version 12.00
# Visual Studio Version 17
VisualStudioVersion = 17.9.34902.65
MinimumVisualStudioVersion = 10.0.40219.1
Project("{9A19103F-16F7-4668-BE54-9A1E7A4F7556}") = "CHUNO.SGateway", "CHUNO.SGateway\CHUNO.SGateway.csproj", "{0CBF8BC1-8F89-4BE7-A774-3685F9EEFBB7}"
EndProject
Project("{9A19103F-16F7-4668-BE54-9A1E7A4F7556}") = "CHUNO.AuthService", "CHUNO.AuthService\CHUNO.AuthService.csproj", "{FCB04235-62A9-4AEC-9A51-3A5A5A5439CA}"
EndProject
Project("{9A19103F-16F7-4668-BE54-9A1E7A4F7556}") = "CHUNO.UserService", "CHUNO.UserService\CHUNO.UserService.csproj", "{0B3492F9-5188-4833-991A-B409FC0C3252}"
EndProject
Project("{2150E333-8FDC-42A3-9474-1A3956D46DE8}") = "Frameworks", "Frameworks", "{B08CAF01-9C56-4C53-AE24-1D6FCF9B1C1D}"
EndProject
Project("{2150E333-8FDC-42A3-9474-1A3956D46DE8}") = "Libs", "Libs", "{567B9FA4-F94F-48FE-AFF4-34EE67A40301}"
EndProject
Project("{2150E333-8FDC-42A3-9474-1A3956D46DE8}") = "Domains", "Domains", "{A357028A-9D33-4593-B09B-31FEB20C966B}"
EndProject
Project("{2150E333-8FDC-42A3-9474-1A3956D46DE8}") = "Constracts", "Constracts", "{8E562B7E-3D64-4660-BFCF-C12E2D384B8C}"
EndProject
Project("{2150E333-8FDC-42A3-9474-1A3956D46DE8}") = "_proto", "_proto", "{53985885-29AC-47F3-813C-4C80F539E186}"
	ProjectSection(SolutionItems) = preProject
		proto\authservice.proto = proto\authservice.proto
		proto\common.proto = proto\common.proto
		proto\consoleservice.proto = proto\consoleservice.proto
		proto\gatewayservice.proto = proto\gatewayservice.proto
	EndProjectSection
EndProject
Project("{9A19103F-16F7-4668-BE54-9A1E7A4F7556}") = "CHUNO.Framework.Domain", "Frameworks\CHUNO.Framework.Domain\CHUNO.Framework.Domain.csproj", "{CCCF738D-0EE2-457D-9692-9AD77DAFB2A1}"
EndProject
Project("{9A19103F-16F7-4668-BE54-9A1E7A4F7556}") = "CHUNO.UserService.Domain", "Domains\CHUNO.UserService.Domain\CHUNO.UserService.Domain.csproj", "{6BB5F214-DCF1-463E-AB66-BBE284789878}"
EndProject
Project("{2150E333-8FDC-42A3-9474-1A3956D46DE8}") = "_docs", "_docs", "{8E4DDAE4-0C3E-44B3-8160-7E7858164EC5}"
	ProjectSection(SolutionItems) = preProject
		DNS.md = DNS.md
		..\README.local.md = ..\README.local.md
		..\README.md = ..\README.md
		SSL.md = SSL.md
	EndProjectSection
EndProject
Project("{9A19103F-16F7-4668-BE54-9A1E7A4F7556}") = "CHUNO.Framework.Contract", "Frameworks\CHUNO.Framework.Contract\CHUNO.Framework.Contract.csproj", "{A4C3024C-0263-45C4-8387-34C995E510A7}"
EndProject
Project("{9A19103F-16F7-4668-BE54-9A1E7A4F7556}") = "CHUNO.AuthService.Constract", "Constracts\CHUNO.AuthService.Constract\CHUNO.AuthService.Constract.csproj", "{21801B7E-3572-4DB3-BCA3-BEF1BF2CA757}"
EndProject
Project("{9A19103F-16F7-4668-BE54-9A1E7A4F7556}") = "CHUNO.Framework.Infrastructure", "Frameworks\CHUNO.Framework.Infrastructure\CHUNO.Framework.Infrastructure.csproj", "{043891CC-6F36-4741-86FC-8D8132BD0E3F}"
EndProject
Project("{9A19103F-16F7-4668-BE54-9A1E7A4F7556}") = "CHUNO.SGateway.Domain", "Domains\CHUNO.SGateway.Domain\CHUNO.SGateway.Domain.csproj", "{377567AB-2710-4722-BA14-4DF67B1C9A6B}"
EndProject
Project("{9A19103F-16F7-4668-BE54-9A1E7A4F7556}") = "CHUNO.Framework.Data", "Frameworks\CHUNO.Framework.Data\CHUNO.Framework.Data.csproj", "{96F84869-9599-410F-B992-82B2975A7DD1}"
EndProject
Project("{9A19103F-16F7-4668-BE54-9A1E7A4F7556}") = "CHUNO.Framework.Core", "CHUNO.Framework.Core\CHUNO.Framework.Core.csproj", "{D0185941-9D78-4ED7-97E0-2119B221AA39}"
EndProject
Project("{9A19103F-16F7-4668-BE54-9A1E7A4F7556}") = "CHUNO.Framework.Data.Sqlite", "Frameworks\CHUNO.Framework.Data.Sqlite\CHUNO.Framework.Data.Sqlite.csproj", "{7DB6547F-F7F6-4FBA-8285-20272C19C920}"
EndProject
Project("{FAE04EC0-301F-11D3-BF4B-00C04F79EFBC}") = "CHUNO.SGateway.Constract", "Constracts\CHUNO.SGateway.Constract\CHUNO.SGateway.Constract.csproj", "{181D3520-C9C3-45D1-9A9C-49E5245BD573}"
EndProject
Project("{FAE04EC0-301F-11D3-BF4B-00C04F79EFBC}") = "CHUNO.ConsoleService", "CHUNO.ConsoleService\CHUNO.ConsoleService.csproj", "{0A5B06F4-C0C5-4657-ACAB-2E8B5325F56E}"
EndProject
Project("{FAE04EC0-301F-11D3-BF4B-00C04F79EFBC}") = "CHUNO.ConsoleService.Constract", "Constracts\CHUNO.ConsoleService.Constract\CHUNO.ConsoleService.Constract.csproj", "{3A91BB1A-A86D-4A97-9D84-94AC8AB9E728}"
EndProject
Global
	GlobalSection(SolutionConfigurationPlatforms) = preSolution
		Debug|Any CPU = Debug|Any CPU
		Release|Any CPU = Release|Any CPU
	EndGlobalSection
	GlobalSection(ProjectConfigurationPlatforms) = postSolution
		{0CBF8BC1-8F89-4BE7-A774-3685F9EEFBB7}.Debug|Any CPU.ActiveCfg = Debug|Any CPU
		{0CBF8BC1-8F89-4BE7-A774-3685F9EEFBB7}.Debug|Any CPU.Build.0 = Debug|Any CPU
		{0CBF8BC1-8F89-4BE7-A774-3685F9EEFBB7}.Release|Any CPU.ActiveCfg = Release|Any CPU
		{0CBF8BC1-8F89-4BE7-A774-3685F9EEFBB7}.Release|Any CPU.Build.0 = Release|Any CPU
		{FCB04235-62A9-4AEC-9A51-3A5A5A5439CA}.Debug|Any CPU.ActiveCfg = Debug|Any CPU
		{FCB04235-62A9-4AEC-9A51-3A5A5A5439CA}.Debug|Any CPU.Build.0 = Debug|Any CPU
		{FCB04235-62A9-4AEC-9A51-3A5A5A5439CA}.Release|Any CPU.ActiveCfg = Release|Any CPU
		{FCB04235-62A9-4AEC-9A51-3A5A5A5439CA}.Release|Any CPU.Build.0 = Release|Any CPU
		{0B3492F9-5188-4833-991A-B409FC0C3252}.Debug|Any CPU.ActiveCfg = Debug|Any CPU
		{0B3492F9-5188-4833-991A-B409FC0C3252}.Debug|Any CPU.Build.0 = Debug|Any CPU
		{0B3492F9-5188-4833-991A-B409FC0C3252}.Release|Any CPU.ActiveCfg = Release|Any CPU
		{0B3492F9-5188-4833-991A-B409FC0C3252}.Release|Any CPU.Build.0 = Release|Any CPU
		{CCCF738D-0EE2-457D-9692-9AD77DAFB2A1}.Debug|Any CPU.ActiveCfg = Debug|Any CPU
		{CCCF738D-0EE2-457D-9692-9AD77DAFB2A1}.Debug|Any CPU.Build.0 = Debug|Any CPU
		{CCCF738D-0EE2-457D-9692-9AD77DAFB2A1}.Release|Any CPU.ActiveCfg = Release|Any CPU
		{CCCF738D-0EE2-457D-9692-9AD77DAFB2A1}.Release|Any CPU.Build.0 = Release|Any CPU
		{6BB5F214-DCF1-463E-AB66-BBE284789878}.Debug|Any CPU.ActiveCfg = Debug|Any CPU
		{6BB5F214-DCF1-463E-AB66-BBE284789878}.Debug|Any CPU.Build.0 = Debug|Any CPU
		{6BB5F214-DCF1-463E-AB66-BBE284789878}.Release|Any CPU.ActiveCfg = Release|Any CPU
		{6BB5F214-DCF1-463E-AB66-BBE284789878}.Release|Any CPU.Build.0 = Release|Any CPU
		{A4C3024C-0263-45C4-8387-34C995E510A7}.Debug|Any CPU.ActiveCfg = Debug|Any CPU
		{A4C3024C-0263-45C4-8387-34C995E510A7}.Debug|Any CPU.Build.0 = Debug|Any CPU
		{A4C3024C-0263-45C4-8387-34C995E510A7}.Release|Any CPU.ActiveCfg = Release|Any CPU
		{A4C3024C-0263-45C4-8387-34C995E510A7}.Release|Any CPU.Build.0 = Release|Any CPU
		{21801B7E-3572-4DB3-BCA3-BEF1BF2CA757}.Debug|Any CPU.ActiveCfg = Debug|Any CPU
		{21801B7E-3572-4DB3-BCA3-BEF1BF2CA757}.Debug|Any CPU.Build.0 = Debug|Any CPU
		{21801B7E-3572-4DB3-BCA3-BEF1BF2CA757}.Release|Any CPU.ActiveCfg = Release|Any CPU
		{21801B7E-3572-4DB3-BCA3-BEF1BF2CA757}.Release|Any CPU.Build.0 = Release|Any CPU
		{043891CC-6F36-4741-86FC-8D8132BD0E3F}.Debug|Any CPU.ActiveCfg = Debug|Any CPU
		{043891CC-6F36-4741-86FC-8D8132BD0E3F}.Debug|Any CPU.Build.0 = Debug|Any CPU
		{043891CC-6F36-4741-86FC-8D8132BD0E3F}.Release|Any CPU.ActiveCfg = Release|Any CPU
		{043891CC-6F36-4741-86FC-8D8132BD0E3F}.Release|Any CPU.Build.0 = Release|Any CPU
		{377567AB-2710-4722-BA14-4DF67B1C9A6B}.Debug|Any CPU.ActiveCfg = Debug|Any CPU
		{377567AB-2710-4722-BA14-4DF67B1C9A6B}.Debug|Any CPU.Build.0 = Debug|Any CPU
		{377567AB-2710-4722-BA14-4DF67B1C9A6B}.Release|Any CPU.ActiveCfg = Release|Any CPU
		{377567AB-2710-4722-BA14-4DF67B1C9A6B}.Release|Any CPU.Build.0 = Release|Any CPU
		{96F84869-9599-410F-B992-82B2975A7DD1}.Debug|Any CPU.ActiveCfg = Debug|Any CPU
		{96F84869-9599-410F-B992-82B2975A7DD1}.Debug|Any CPU.Build.0 = Debug|Any CPU
		{96F84869-9599-410F-B992-82B2975A7DD1}.Release|Any CPU.ActiveCfg = Release|Any CPU
		{96F84869-9599-410F-B992-82B2975A7DD1}.Release|Any CPU.Build.0 = Release|Any CPU
		{D0185941-9D78-4ED7-97E0-2119B221AA39}.Debug|Any CPU.ActiveCfg = Debug|Any CPU
		{D0185941-9D78-4ED7-97E0-2119B221AA39}.Debug|Any CPU.Build.0 = Debug|Any CPU
		{D0185941-9D78-4ED7-97E0-2119B221AA39}.Release|Any CPU.ActiveCfg = Release|Any CPU
		{D0185941-9D78-4ED7-97E0-2119B221AA39}.Release|Any CPU.Build.0 = Release|Any CPU
		{7DB6547F-F7F6-4FBA-8285-20272C19C920}.Debug|Any CPU.ActiveCfg = Debug|Any CPU
		{7DB6547F-F7F6-4FBA-8285-20272C19C920}.Debug|Any CPU.Build.0 = Debug|Any CPU
		{7DB6547F-F7F6-4FBA-8285-20272C19C920}.Release|Any CPU.ActiveCfg = Release|Any CPU
		{7DB6547F-F7F6-4FBA-8285-20272C19C920}.Release|Any CPU.Build.0 = Release|Any CPU
		{181D3520-C9C3-45D1-9A9C-49E5245BD573}.Debug|Any CPU.ActiveCfg = Debug|Any CPU
		{181D3520-C9C3-45D1-9A9C-49E5245BD573}.Debug|Any CPU.Build.0 = Debug|Any CPU
		{181D3520-C9C3-45D1-9A9C-49E5245BD573}.Release|Any CPU.ActiveCfg = Release|Any CPU
		{181D3520-C9C3-45D1-9A9C-49E5245BD573}.Release|Any CPU.Build.0 = Release|Any CPU
		{0A5B06F4-C0C5-4657-ACAB-2E8B5325F56E}.Debug|Any CPU.ActiveCfg = Debug|Any CPU
		{0A5B06F4-C0C5-4657-ACAB-2E8B5325F56E}.Debug|Any CPU.Build.0 = Debug|Any CPU
		{0A5B06F4-C0C5-4657-ACAB-2E8B5325F56E}.Release|Any CPU.ActiveCfg = Release|Any CPU
		{0A5B06F4-C0C5-4657-ACAB-2E8B5325F56E}.Release|Any CPU.Build.0 = Release|Any CPU
		{3A91BB1A-A86D-4A97-9D84-94AC8AB9E728}.Debug|Any CPU.ActiveCfg = Debug|Any CPU
		{3A91BB1A-A86D-4A97-9D84-94AC8AB9E728}.Debug|Any CPU.Build.0 = Debug|Any CPU
		{3A91BB1A-A86D-4A97-9D84-94AC8AB9E728}.Release|Any CPU.ActiveCfg = Release|Any CPU
		{3A91BB1A-A86D-4A97-9D84-94AC8AB9E728}.Release|Any CPU.Build.0 = Release|Any CPU
	EndGlobalSection
	GlobalSection(SolutionProperties) = preSolution
		HideSolutionNode = FALSE
	EndGlobalSection
	GlobalSection(NestedProjects) = preSolution
		{CCCF738D-0EE2-457D-9692-9AD77DAFB2A1} = {B08CAF01-9C56-4C53-AE24-1D6FCF9B1C1D}
		{6BB5F214-DCF1-463E-AB66-BBE284789878} = {A357028A-9D33-4593-B09B-31FEB20C966B}
		{A4C3024C-0263-45C4-8387-34C995E510A7} = {B08CAF01-9C56-4C53-AE24-1D6FCF9B1C1D}
		{21801B7E-3572-4DB3-BCA3-BEF1BF2CA757} = {8E562B7E-3D64-4660-BFCF-C12E2D384B8C}
		{043891CC-6F36-4741-86FC-8D8132BD0E3F} = {B08CAF01-9C56-4C53-AE24-1D6FCF9B1C1D}
		{377567AB-2710-4722-BA14-4DF67B1C9A6B} = {A357028A-9D33-4593-B09B-31FEB20C966B}
		{96F84869-9599-410F-B992-82B2975A7DD1} = {B08CAF01-9C56-4C53-AE24-1D6FCF9B1C1D}
		{D0185941-9D78-4ED7-97E0-2119B221AA39} = {B08CAF01-9C56-4C53-AE24-1D6FCF9B1C1D}
		{7DB6547F-F7F6-4FBA-8285-20272C19C920} = {B08CAF01-9C56-4C53-AE24-1D6FCF9B1C1D}
		{181D3520-C9C3-45D1-9A9C-49E5245BD573} = {8E562B7E-3D64-4660-BFCF-C12E2D384B8C}
		{3A91BB1A-A86D-4A97-9D84-94AC8AB9E728} = {8E562B7E-3D64-4660-BFCF-C12E2D384B8C}
	EndGlobalSection
	GlobalSection(ExtensibilityGlobals) = postSolution
		SolutionGuid = {84905174-D0C6-4221-A3FE-A24A475FF748}
	EndGlobalSection
EndGlobal
